// !$*UTF8*$!
{
	archiveVersion = 1;
	classes = {
	};
	objectVersion = 56;
	objects = {

/* Begin PBXBuildFile section */
		446BBAE529390B1F00327E8C /* AppDelegate.swift in Sources */ = {isa = PBXBuildFile; fileRef = 446BBAE429390B1F00327E8C /* AppDelegate.swift */; };
		446BBAE729390B1F00327E8C /* SceneDelegate.swift in Sources */ = {isa = PBXBuildFile; fileRef = 446BBAE629390B1F00327E8C /* SceneDelegate.swift */; };
		446BBAE929390B1F00327E8C /* ViewController.swift in Sources */ = {isa = PBXBuildFile; fileRef = 446BBAE829390B1F00327E8C /* ViewController.swift */; };
		446BBAEC29390B1F00327E8C /* Main.storyboard in Resources */ = {isa = PBXBuildFile; fileRef = 446BBAEA29390B1F00327E8C /* Main.storyboard */; };
		446BBAEF29390B1F00327E8C /* Research_Papers.xcdatamodeld in Sources */ = {isa = PBXBuildFile; fileRef = 446BBAED29390B1F00327E8C /* Research_Papers.xcdatamodeld */; };
		446BBAF129390B2100327E8C /* Assets.xcassets in Resources */ = {isa = PBXBuildFile; fileRef = 446BBAF029390B2100327E8C /* Assets.xcassets */; };
		446BBAF429390B2100327E8C /* LaunchScreen.storyboard in Resources */ = {isa = PBXBuildFile; fileRef = 446BBAF229390B2100327E8C /* LaunchScreen.storyboard */; };
		446BBAFC29390EDB00327E8C /* ResearchPapersTVC.swift in Sources */ = {isa = PBXBuildFile; fileRef = 446BBAFB29390EDB00327E8C /* ResearchPapersTVC.swift */; };
		446BBAFE2939120600327E8C /* dataModel.swift in Sources */ = {isa = PBXBuildFile; fileRef = 446BBAFD2939120600327E8C /* dataModel.swift */; };
/* End PBXBuildFile section */

/* Begin PBXFileReference section */
		446BBAE129390B1F00327E8C /* Research Papers.app */ = {isa = PBXFileReference; explicitFileType = wrapper.application; includeInIndex = 0; path = "Research Papers.app"; sourceTree = BUILT_PRODUCTS_DIR; };
		446BBAE429390B1F00327E8C /* AppDelegate.swift */ = {isa = PBXFileReference; lastKnownFileType = sourcecode.swift; path = AppDelegate.swift; sourceTree = "<group>"; };
		446BBAE629390B1F00327E8C /* SceneDelegate.swift */ = {isa = PBXFileReference; lastKnownFileType = sourcecode.swift; path = SceneDelegate.swift; sourceTree = "<group>"; };
		446BBAE829390B1F00327E8C /* ViewController.swift */ = {isa = PBXFileReference; lastKnownFileType = sourcecode.swift; path = ViewController.swift; sourceTree = "<group>"; };
		446BBAEB29390B1F00327E8C /* Base */ = {isa = PBXFileReference; lastKnownFileType = file.storyboard; name = Base; path = Base.lproj/Main.storyboard; sourceTree = "<group>"; };
		446BBAEE29390B1F00327E8C /* Research_Papers.xcdatamodel */ = {isa = PBXFileReference; lastKnownFileType = wrapper.xcdatamodel; path = Research_Papers.xcdatamodel; sourceTree = "<group>"; };
		446BBAF029390B2100327E8C /* Assets.xcassets */ = {isa = PBXFileReference; lastKnownFileType = folder.assetcatalog; path = Assets.xcassets; sourceTree = "<group>"; };
		446BBAF329390B2100327E8C /* Base */ = {isa = PBXFileReference; lastKnownFileType = file.storyboard; name = Base; path = Base.lproj/LaunchScreen.storyboard; sourceTree = "<group>"; };
		446BBAF529390B2100327E8C /* Info.plist */ = {isa = PBXFileReference; lastKnownFileType = text.plist.xml; path = Info.plist; sourceTree = "<group>"; };
		446BBAFB29390EDB00327E8C /* ResearchPapersTVC.swift */ = {isa = PBXFileReference; lastKnownFileType = sourcecode.swift; path = ResearchPapersTVC.swift; sourceTree = "<group>"; };
		446BBAFD2939120600327E8C /* dataModel.swift */ = {isa = PBXFileReference; lastKnownFileType = sourcecode.swift; path = dataModel.swift; sourceTree = "<group>"; };
/* End PBXFileReference section */

/* Begin PBXFrameworksBuildPhase section */
		446BBADE29390B1F00327E8C /* Frameworks */ = {
			isa = PBXFrameworksBuildPhase;
			buildActionMask = 2147483647;
			files = (
			);
			runOnlyForDeploymentPostprocessing = 0;
		};
/* End PBXFrameworksBuildPhase section */

/* Begin PBXGroup section */
		446BBAD829390B1F00327E8C = {
			isa = PBXGroup;
			children = (
				446BBAE329390B1F00327E8C /* Research Papers */,
				446BBAE229390B1F00327E8C /* Products */,
			);
			sourceTree = "<group>";
		};
		446BBAE229390B1F00327E8C /* Products */ = {
			isa = PBXGroup;
			children = (
				446BBAE129390B1F00327E8C /* Research Papers.app */,
			);
			name = Products;
			sourceTree = "<group>";
		};
		446BBAE329390B1F00327E8C /* Research Papers */ = {
			isa = PBXGroup;
			children = (
				446BBAE429390B1F00327E8C /* AppDelegate.swift */,
				446BBAE629390B1F00327E8C /* SceneDelegate.swift */,
				446BBAE829390B1F00327E8C /* ViewController.swift */,
				446BBAEA29390B1F00327E8C /* Main.storyboard */,
				446BBAFB29390EDB00327E8C /* ResearchPapersTVC.swift */,
				446BBAFD2939120600327E8C /* dataModel.swift */,
				446BBAF029390B2100327E8C /* Assets.xcassets */,
				446BBAF229390B2100327E8C /* LaunchScreen.storyboard */,
				446BBAF529390B2100327E8C /* Info.plist */,
				446BBAED29390B1F00327E8C /* Research_Papers.xcdatamodeld */,
			);
			path = "Research Papers";
			sourceTree = "<group>";
		};
/* End PBXGroup section */

/* Begin PBXNativeTarget section */
		446BBAE029390B1F00327E8C /* Research Papers */ = {
			isa = PBXNativeTarget;
			buildConfigurationList = 446BBAF829390B2100327E8C /* Build configuration list for PBXNativeTarget "Research Papers" */;
			buildPhases = (
				446BBADD29390B1F00327E8C /* Sources */,
				446BBADE29390B1F00327E8C /* Frameworks */,
				446BBADF29390B1F00327E8C /* Resources */,
			);
			buildRules = (
			);
			dependencies = (
			);
			name = "Research Papers";
			productName = "Research Papers";
			productReference = 446BBAE129390B1F00327E8C /* Research Papers.app */;
			productType = "com.apple.product-type.application";
		};
/* End PBXNativeTarget section */

/* Begin PBXProject section */
		446BBAD929390B1F00327E8C /* Project object */ = {
			isa = PBXProject;
			attributes = {
				BuildIndependentTargetsInParallel = 1;
				LastSwiftUpdateCheck = 1400;
				LastUpgradeCheck = 1400;
				TargetAttributes = {
					446BBAE029390B1F00327E8C = {
						CreatedOnToolsVersion = 14.0.1;
					};
				};
			};
			buildConfigurationList = 446BBADC29390B1F00327E8C /* Build configuration list for PBXProject "Research Papers" */;
			compatibilityVersion = "Xcode 14.0";
			developmentRegion = en;
			hasScannedForEncodings = 0;
			knownRegions = (
				en,
				Base,
			);
			mainGroup = 446BBAD829390B1F00327E8C;
			productRefGroup = 446BBAE229390B1F00327E8C /* Products */;
			projectDirPath = "";
			projectRoot = "";
			targets = (
				446BBAE029390B1F00327E8C /* Research Papers */,
			);
		};
/* End PBXProject section */

/* Begin PBXResourcesBuildPhase section */
		446BBADF29390B1F00327E8C /* Resources */ = {
			isa = PBXResourcesBuildPhase;
			buildActionMask = 2147483647;
			files = (
				446BBAF429390B2100327E8C /* LaunchScreen.storyboard in Resources */,
				446BBAF129390B2100327E8C /* Assets.xcassets in Resources */,
				446BBAEC29390B1F00327E8C /* Main.storyboard in Resources */,
			);
			runOnlyForDeploymentPostprocessing = 0;
		};
/* End PBXResourcesBuildPhase section */

/* Begin PBXSourcesBuildPhase section */
		446BBADD29390B1F00327E8C /* Sources */ = {
			isa = PBXSourcesBuildPhase;
			buildActionMask = 2147483647;
			files = (
				446BBAE929390B1F00327E8C /* ViewController.swift in Sources */,
				446BBAFC29390EDB00327E8C /* ResearchPapersTVC.swift in Sources */,
				446BBAE529390B1F00327E8C /* AppDelegate.swift in Sources */,
				446BBAE729390B1F00327E8C /* SceneDelegate.swift in Sources */,
				446BBAEF29390B1F00327E8C /* Research_Papers.xcdatamodeld in Sources */,
				446BBAFE2939120600327E8C /* dataModel.swift in Sources */,
			);
			runOnlyForDeploymentPostprocessing = 0;
		};
/* End PBXSourcesBuildPhase section */

/* Begin PBXVariantGroup section */
		446BBAEA29390B1F00327E8C /* Main.storyboard */ = {
			isa = PBXVariantGroup;
			children = (
				446BBAEB29390B1F00327E8C /* Base */,
			);
			name = Main.storyboard;
			sourceTree = "<group>";
		};
		446BBAF229390B2100327E8C /* LaunchScreen.storyboard */ = {
			isa = PBXVariantGroup;
			children = (
				446BBAF329390B2100327E8C /* Base */,
			);
			name = LaunchScreen.storyboard;
			sourceTree = "<group>";
		};
/* End PBXVariantGroup section */

/* Begin XCBuildConfiguration section */
		446BBAF629390B2100327E8C /* Debug */ = {
			isa = XCBuildConfiguration;
			buildSettings = {
				ALWAYS_SEARCH_USER_PATHS = NO;
				CLANG_ANALYZER_NONNULL = YES;
				CLANG_ANALYZER_NUMBER_OBJECT_CONVERSION = YES_AGGRESSIVE;
				CLANG_CXX_LANGUAGE_STANDARD = "gnu++20";
				CLANG_ENABLE_MODULES = YES;
				CLANG_ENABLE_OBJC_ARC = YES;
				CLANG_ENABLE_OBJC_WEAK = YES;
				CLANG_WARN_BLOCK_CAPTURE_AUTORELEASING = YES;
				CLANG_WARN_BOOL_CONVERSION = YES;
				CLANG_WARN_COMMA = YES;
				CLANG_WARN_CONSTANT_CONVERSION = YES;
				CLANG_WARN_DEPRECATED_OBJC_IMPLEMENTATIONS = YES;
				CLANG_WARN_DIRECT_OBJC_ISA_USAGE = YES_ERROR;
				CLANG_WARN_DOCUMENTATION_COMMENTS = YES;
				CLANG_WARN_EMPTY_BODY = YES;
				CLANG_WARN_ENUM_CONVERSION = YES;
				CLANG_WARN_INFINITE_RECURSION = YES;
				CLANG_WARN_INT_CONVERSION = YES;
				CLANG_WARN_NON_LITERAL_NULL_CONVERSION = YES;
				CLANG_WARN_OBJC_IMPLICIT_RETAIN_SELF = YES;
				CLANG_WARN_OBJC_LITERAL_CONVERSION = YES;
				CLANG_WARN_OBJC_ROOT_CLASS = YES_ERROR;
				CLANG_WARN_QUOTED_INCLUDE_IN_FRAMEWORK_HEADER = YES;
				CLANG_WARN_RANGE_LOOP_ANALYSIS = YES;
				CLANG_WARN_STRICT_PROTOTYPES = YES;
				CLANG_WARN_SUSPICIOUS_MOVE = YES;
				CLANG_WARN_UNGUARDED_AVAILABILITY = YES_AGGRESSIVE;
				CLANG_WARN_UNREACHABLE_CODE = YES;
				CLANG_WARN__DUPLICATE_METHOD_MATCH = YES;
				COPY_PHASE_STRIP = NO;
				DEBUG_INFORMATION_FORMAT = dwarf;
				ENABLE_STRICT_OBJC_MSGSEND = YES;
				ENABLE_TESTABILITY = YES;
				GCC_C_LANGUAGE_STANDARD = gnu11;
				GCC_DYNAMIC_NO_PIC = NO;
				GCC_NO_COMMON_BLOCKS = YES;
				GCC_OPTIMIZATION_LEVEL = 0;
				GCC_PREPROCESSOR_DEFINITIONS = (
					"DEBUG=1",
					"$(inherited)",
				);
				GCC_WARN_64_TO_32_BIT_CONVERSION = YES;
				GCC_WARN_ABOUT_RETURN_TYPE = YES_ERROR;
				GCC_WARN_UNDECLARED_SELECTOR = YES;
				GCC_WARN_UNINITIALIZED_AUTOS = YES_AGGRESSIVE;
				GCC_WARN_UNUSED_FUNCTION = YES;
				GCC_WARN_UNUSED_VARIABLE = YES;
				IPHONEOS_DEPLOYMENT_TARGET = 16.0;
				MTL_ENABLE_DEBUG_INFO = INCLUDE_SOURCE;
				MTL_FAST_MATH = YES;
				ONLY_ACTIVE_ARCH = YES;
				SDKROOT = iphoneos;
				SWIFT_ACTIVE_COMPILATION_CONDITIONS = DEBUG;
				SWIFT_OPTIMIZATION_LEVEL = "-Onone";
			};
			name = Debug;
		};
		446BBAF729390B2100327E8C /* Release */ = {
			isa = XCBuildConfiguration;
			buildSettings = {
				ALWAYS_SEARCH_USER_PATHS = NO;
				CLANG_ANALYZER_NONNULL = YES;
				CLANG_ANALYZER_NUMBER_OBJECT_CONVERSION = YES_AGGRESSIVE;
				CLANG_CXX_LANGUAGE_STANDARD = "gnu++20";
				CLANG_ENABLE_MODULES = YES;
				CLANG_ENABLE_OBJC_ARC = YES;
				CLANG_ENABLE_OBJC_WEAK = YES;
				CLANG_WARN_BLOCK_CAPTURE_AUTORELEASING = YES;
				CLANG_WARN_BOOL_CONVERSION = YES;
				CLANG_WARN_COMMA = YES;
				CLANG_WARN_CONSTANT_CONVERSION = YES;
				CLANG_WARN_DEPRECATED_OBJC_IMPLEMENTATIONS = YES;
				CLANG_WARN_DIRECT_OBJC_ISA_USAGE = YES_ERROR;
				CLANG_WARN_DOCUMENTATION_COMMENTS = YES;
				CLANG_WARN_EMPTY_BODY = YES;
				CLANG_WARN_ENUM_CONVERSION = YES;
				CLANG_WARN_INFINITE_RECURSION = YES;
				CLANG_WARN_INT_CONVERSION = YES;
				CLANG_WARN_NON_LITERAL_NULL_CONVERSION = YES;
				CLANG_WARN_OBJC_IMPLICIT_RETAIN_SELF = YES;
				CLANG_WARN_OBJC_LITERAL_CONVERSION = YES;
				CLANG_WARN_OBJC_ROOT_CLASS = YES_ERROR;
				CLANG_WARN_QUOTED_INCLUDE_IN_FRAMEWORK_HEADER = YES;
				CLANG_WARN_RANGE_LOOP_ANALYSIS = YES;
				CLANG_WARN_STRICT_PROTOTYPES = YES;
				CLANG_WARN_SUSPICIOUS_MOVE = YES;
				CLANG_WARN_UNGUARDED_AVAILABILITY = YES_AGGRESSIVE;
				CLANG_WARN_UNREACHABLE_CODE = YES;
				CLANG_WARN__DUPLICATE_METHOD_MATCH = YES;
				COPY_PHASE_STRIP = NO;
				DEBUG_INFORMATION_FORMAT = "dwarf-with-dsym";
				ENABLE_NS_ASSERTIONS = NO;
				ENABLE_STRICT_OBJC_MSGSEND = YES;
				GCC_C_LANGUAGE_STANDARD = gnu11;
				GCC_NO_COMMON_BLOCKS = YES;
				GCC_WARN_64_TO_32_BIT_CONVERSION = YES;
				GCC_WARN_ABOUT_RETURN_TYPE = YES_ERROR;
				GCC_WARN_UNDECLARED_SELECTOR = YES;
				GCC_WARN_UNINITIALIZED_AUTOS = YES_AGGRESSIVE;
				GCC_WARN_UNUSED_FUNCTION = YES;
				GCC_WARN_UNUSED_VARIABLE = YES;
				IPHONEOS_DEPLOYMENT_TARGET = 16.0;
				MTL_ENABLE_DEBUG_INFO = NO;
				MTL_FAST_MATH = YES;
				SDKROOT = iphoneos;
				SWIFT_COMPILATION_MODE = wholemodule;
				SWIFT_OPTIMIZATION_LEVEL = "-O";
				VALIDATE_PRODUCT = YES;
			};
			name = Release;
		};
		446BBAF929390B2100327E8C /* Debug */ = {
			isa = XCBuildConfiguration;
			buildSettings = {
				ASSETCATALOG_COMPILER_APPICON_NAME = AppIcon;
				ASSETCATALOG_COMPILER_GLOBAL_ACCENT_COLOR_NAME = AccentColor;
				CODE_SIGN_STYLE = Automatic;
				CURRENT_PROJECT_VERSION = 1;
				GENERATE_INFOPLIST_FILE = YES;
				INFOPLIST_FILE = "Research Papers/Info.plist";
				INFOPLIST_KEY_UIApplicationSupportsIndirectInputEvents = YES;
				INFOPLIST_KEY_UILaunchStoryboardName = LaunchScreen;
				INFOPLIST_KEY_UIMainStoryboardFile = Main;
				INFOPLIST_KEY_UISupportedInterfaceOrientations_iPad = "UIInterfaceOrientationPortrait UIInterfaceOrientationPortraitUpsideDown UIInterfaceOrientationLandscapeLeft UIInterfaceOrientationLandscapeRight";
				INFOPLIST_KEY_UISupportedInterfaceOrientations_iPhone = "UIInterfaceOrientationPortrait UIInterfaceOrientationLandscapeLeft UIInterfaceOrientationLandscapeRight";
				LD_RUNPATH_SEARCH_PATHS = (
					"$(inherited)",
					"@executable_path/Frameworks",
				);
				MARKETING_VERSION = 1.0;
				PRODUCT_BUNDLE_IDENTIFIER = "com.simiadeyemi.Research-Papers";
				PRODUCT_NAME = "$(TARGET_NAME)";
				SWIFT_EMIT_LOC_STRINGS = YES;
				SWIFT_VERSION = 5.0;
				TARGETED_DEVICE_FAMILY = "1,2";
			};
			name = Debug;
		};
		446BBAFA29390B2100327E8C /* Release */ = {
			isa = XCBuildConfiguration;
			buildSettings = {
				ASSETCATALOG_COMPILER_APPICON_NAME = AppIcon;
				ASSETCATALOG_COMPILER_GLOBAL_ACCENT_COLOR_NAME = AccentColor;
				CODE_SIGN_STYLE = Automatic;
				CURRENT_PROJECT_VERSION = 1;
				GENERATE_INFOPLIST_FILE = YES;
				INFOPLIST_FILE = "Research Papers/Info.plist";
				INFOPLIST_KEY_UIApplicationSupportsIndirectInputEvents = YES;
				INFOPLIST_KEY_UILaunchStoryboardName = LaunchScreen;
				INFOPLIST_KEY_UIMainStoryboardFile = Main;
				INFOPLIST_KEY_UISupportedInterfaceOrientations_iPad = "UIInterfaceOrientationPortrait UIInterfaceOrientationPortraitUpsideDown UIInterfaceOrientationLandscapeLeft UIInterfaceOrientationLandscapeRight";
				INFOPLIST_KEY_UISupportedInterfaceOrientations_iPhone = "UIInterfaceOrientationPortrait UIInterfaceOrientationLandscapeLeft UIInterfaceOrientationLandscapeRight";
				LD_RUNPATH_SEARCH_PATHS = (
					"$(inherited)",
					"@executable_path/Frameworks",
				);
				MARKETING_VERSION = 1.0;
				PRODUCT_BUNDLE_IDENTIFIER = "com.simiadeyemi.Research-Papers";
				PRODUCT_NAME = "$(TARGET_NAME)";
				SWIFT_EMIT_LOC_STRINGS = YES;
				SWIFT_VERSION = 5.0;
				TARGETED_DEVICE_FAMILY = "1,2";
			};
			name = Release;
		};
/* End XCBuildConfiguration section */

/* Begin XCConfigurationList section */
		446BBADC29390B1F00327E8C /* Build configuration list for PBXProject "Research Papers" */ = {
			isa = XCConfigurationList;
			buildConfigurations = (
				446BBAF629390B2100327E8C /* Debug */,
				446BBAF729390B2100327E8C /* Release */,
			);
			defaultConfigurationIsVisible = 0;
			defaultConfigurationName = Release;
		};
		446BBAF829390B2100327E8C /* Build configuration list for PBXNativeTarget "Research Papers" */ = {
			isa = XCConfigurationList;
			buildConfigurations = (
				446BBAF929390B2100327E8C /* Debug */,
				446BBAFA29390B2100327E8C /* Release */,
			);
			defaultConfigurationIsVisible = 0;
			defaultConfigurationName = Release;
		};
/* End XCConfigurationList section */

/* Begin XCVersionGroup section */
		446BBAED29390B1F00327E8C /* Research_Papers.xcdatamodeld */ = {
			isa = XCVersionGroup;
			children = (
				446BBAEE29390B1F00327E8C /* Research_Papers.xcdatamodel */,
			);
			currentVersion = 446BBAEE29390B1F00327E8C /* Research_Papers.xcdatamodel */;
			path = Research_Papers.xcdatamodeld;
			sourceTree = "<group>";
			versionGroupType = wrapper.xcdatamodel;
		};
/* End XCVersionGroup section */
	};
	rootObject = 446BBAD929390B1F00327E8C /* Project object */;
}
